
Microsoft Visual Studio Solution File, Format Version 12.00
# Visual Studio Version 16
VisualStudioVersion = 16.0.31424.327
MinimumVisualStudioVersion = 10.0.40219.1
Project("{FAE04EC0-301F-11D3-BF4B-00C04F79EFBC}") = "Geometry", "Geometry\Geometry.csproj", "{C6A397B9-51BD-4A37-94DB-654975707135}"
EndProject
Project("{FAE04EC0-301F-11D3-BF4B-00C04F79EFBC}") = "GeometryTest", "GeometryTest\GeometryTest.csproj", "{77EDCA11-5EFB-46A7-AEE3-60FAAE1C400F}"
EndProject
Global
	GlobalSection(SolutionConfigurationPlatforms) = preSolution
		Debug|Any CPU = Debug|Any CPU
		Release|Any CPU = Release|Any CPU
	EndGlobalSection
	GlobalSection(ProjectConfigurationPlatforms) = postSolution
		{C6A397B9-51BD-4A37-94DB-654975707135}.Debug|Any CPU.ActiveCfg = Debug|Any CPU
		{C6A397B9-51BD-4A37-94DB-654975707135}.Debug|Any CPU.Build.0 = Debug|Any CPU
		{C6A397B9-51BD-4A37-94DB-654975707135}.Release|Any CPU.ActiveCfg = Release|Any CPU
		{C6A397B9-51BD-4A37-94DB-654975707135}.Release|Any CPU.Build.0 = Release|Any CPU
		{77EDCA11-5EFB-46A7-AEE3-60FAAE1C400F}.Debug|Any CPU.ActiveCfg = Debug|Any CPU
		{77EDCA11-5EFB-46A7-AEE3-60FAAE1C400F}.Debug|Any CPU.Build.0 = Debug|Any CPU
		{77EDCA11-5EFB-46A7-AEE3-60FAAE1C400F}.Release|Any CPU.ActiveCfg = Release|Any CPU
		{77EDCA11-5EFB-46A7-AEE3-60FAAE1C400F}.Release|Any CPU.Build.0 = Release|Any CPU
	EndGlobalSection
	GlobalSection(SolutionProperties) = preSolution
		HideSolutionNode = FALSE
	EndGlobalSection
	GlobalSection(ExtensibilityGlobals) = postSolution
		SolutionGuid = {23B46F19-A340-499D-9380-F169AA2A3CEB}
	EndGlobalSection
EndGlobal
